
Microsoft Visual Studio Solution File, Format Version 12.00
# Visual Studio Version 17
VisualStudioVersion = 17.8.34309.116
MinimumVisualStudioVersion = 10.0.40219.1
Project("{FAE04EC0-301F-11D3-BF4B-00C04F79EFBC}") = "ApiTest", "ApiTest.csproj", "{976BFACE-8143-4DBE-8AD5-68F7B38ED939}"
EndProject
Global
	GlobalSection(SolutionConfigurationPlatforms) = preSolution
		Debug|Any CPU = Debug|Any CPU
		Release|Any CPU = Release|Any CPU
	EndGlobalSection
	GlobalSection(ProjectConfigurationPlatforms) = postSolution
		{976BFACE-8143-4DBE-8AD5-68F7B38ED939}.Debug|Any CPU.ActiveCfg = Debug|Any CPU
		{976BFACE-8143-4DBE-8AD5-68F7B38ED939}.Debug|Any CPU.Build.0 = Debug|Any CPU
		{976BFACE-8143-4DBE-8AD5-68F7B38ED939}.Release|Any CPU.ActiveCfg = Release|Any CPU
		{976BFACE-8143-4DBE-8AD5-68F7B38ED939}.Release|Any CPU.Build.0 = Release|Any CPU
	EndGlobalSection
	GlobalSection(SolutionProperties) = preSolution
		HideSolutionNode = FALSE
	EndGlobalSection
	GlobalSection(ExtensibilityGlobals) = postSolution
		SolutionGuid = {5938F880-86D6-4AF6-9317-A1CA354DF107}
	EndGlobalSection
EndGlobal
