
Microsoft Visual Studio Solution File, Format Version 12.00
# Visual Studio Version 17
VisualStudioVersion = 17.6.33723.286
MinimumVisualStudioVersion = 10.0.40219.1
Project("{FAE04EC0-301F-11D3-BF4B-00C04F79EFBC}") = "TypeScriptApi", "TypeScriptApi\TypeScriptApi.csproj", "{3F803374-91E4-47FD-82E7-B3BE20AE7FF1}"
EndProject
Global
	GlobalSection(SolutionConfigurationPlatforms) = preSolution
		Debug|Any CPU = Debug|Any CPU
		Release|Any CPU = Release|Any CPU
	EndGlobalSection
	GlobalSection(ProjectConfigurationPlatforms) = postSolution
		{3F803374-91E4-47FD-82E7-B3BE20AE7FF1}.Debug|Any CPU.ActiveCfg = Debug|Any CPU
		{3F803374-91E4-47FD-82E7-B3BE20AE7FF1}.Debug|Any CPU.Build.0 = Debug|Any CPU
		{3F803374-91E4-47FD-82E7-B3BE20AE7FF1}.Release|Any CPU.ActiveCfg = Release|Any CPU
		{3F803374-91E4-47FD-82E7-B3BE20AE7FF1}.Release|Any CPU.Build.0 = Release|Any CPU
	EndGlobalSection
	GlobalSection(SolutionProperties) = preSolution
		HideSolutionNode = FALSE
	EndGlobalSection
	GlobalSection(ExtensibilityGlobals) = postSolution
		SolutionGuid = {A80ED2A1-4850-47E6-883D-24CEE6BA8271}
	EndGlobalSection
EndGlobal
