
Microsoft Visual Studio Solution File, Format Version 12.00
# Visual Studio Version 17
VisualStudioVersion = 17.5.001.0
MinimumVisualStudioVersion = 10.0.40219.1
Project("{9A19103F-16F7-4668-BE54-9A1E7A4F7556}") = "FilmesApi", "FilmesApi.csproj", "{B632AC16-9EF7-496A-8204-16993422FCB2}"
EndProject
Global
	GlobalSection(SolutionConfigurationPlatforms) = preSolution
		Debug|Any CPU = Debug|Any CPU
		Release|Any CPU = Release|Any CPU
	EndGlobalSection
	GlobalSection(ProjectConfigurationPlatforms) = postSolution
		{B632AC16-9EF7-496A-8204-16993422FCB2}.Debug|Any CPU.ActiveCfg = Debug|Any CPU
		{B632AC16-9EF7-496A-8204-16993422FCB2}.Debug|Any CPU.Build.0 = Debug|Any CPU
		{B632AC16-9EF7-496A-8204-16993422FCB2}.Release|Any CPU.ActiveCfg = Release|Any CPU
		{B632AC16-9EF7-496A-8204-16993422FCB2}.Release|Any CPU.Build.0 = Release|Any CPU
	EndGlobalSection
	GlobalSection(SolutionProperties) = preSolution
		HideSolutionNode = FALSE
	EndGlobalSection
	GlobalSection(ExtensibilityGlobals) = postSolution
		SolutionGuid = {42F58E50-103F-4B27-93B4-D64F939408D9}
	EndGlobalSection
EndGlobal
