
Microsoft Visual Studio Solution File, Format Version 12.00
# Visual Studio Version 17
VisualStudioVersion = 17.6.33815.320
MinimumVisualStudioVersion = 10.0.40219.1
Project("{2150E333-8FDC-42A3-9474-1A3956D46DE8}") = "01-TestesDeUnidade", "01-TestesDeUnidade", "{7449D993-AA46-4E25-8B7D-31D46A7CFDE9}"
EndProject
Project("{2150E333-8FDC-42A3-9474-1A3956D46DE8}") = "1.1-TestesBasicos", "1.1-TestesBasicos", "{C50238CE-836D-47A2-85A7-EB5E7B750B15}"
EndProject
Project("{FAE04EC0-301F-11D3-BF4B-00C04F79EFBC}") = "Demo", "TestesDeSoftware\01-TestesDeUnidades\Demo\Demo.csproj", "{214DEE7A-2C15-4008-8668-B3A14028586D}"
EndProject
Project("{FAE04EC0-301F-11D3-BF4B-00C04F79EFBC}") = "Demo.Testes", "TestesDeSoftware\01-TestesDeUnidades\Demo.Testes\Demo.Testes.csproj", "{74787804-EF3B-405F-AB63-9F5F1EF8DD00}"
EndProject
Global
	GlobalSection(SolutionConfigurationPlatforms) = preSolution
		Debug|Any CPU = Debug|Any CPU
		Release|Any CPU = Release|Any CPU
	EndGlobalSection
	GlobalSection(ProjectConfigurationPlatforms) = postSolution
		{214DEE7A-2C15-4008-8668-B3A14028586D}.Debug|Any CPU.ActiveCfg = Debug|Any CPU
		{214DEE7A-2C15-4008-8668-B3A14028586D}.Debug|Any CPU.Build.0 = Debug|Any CPU
		{214DEE7A-2C15-4008-8668-B3A14028586D}.Release|Any CPU.ActiveCfg = Release|Any CPU
		{214DEE7A-2C15-4008-8668-B3A14028586D}.Release|Any CPU.Build.0 = Release|Any CPU
		{74787804-EF3B-405F-AB63-9F5F1EF8DD00}.Debug|Any CPU.ActiveCfg = Debug|Any CPU
		{74787804-EF3B-405F-AB63-9F5F1EF8DD00}.Debug|Any CPU.Build.0 = Debug|Any CPU
		{74787804-EF3B-405F-AB63-9F5F1EF8DD00}.Release|Any CPU.ActiveCfg = Release|Any CPU
		{74787804-EF3B-405F-AB63-9F5F1EF8DD00}.Release|Any CPU.Build.0 = Release|Any CPU
	EndGlobalSection
	GlobalSection(SolutionProperties) = preSolution
		HideSolutionNode = FALSE
	EndGlobalSection
	GlobalSection(NestedProjects) = preSolution
		{C50238CE-836D-47A2-85A7-EB5E7B750B15} = {7449D993-AA46-4E25-8B7D-31D46A7CFDE9}
		{214DEE7A-2C15-4008-8668-B3A14028586D} = {C50238CE-836D-47A2-85A7-EB5E7B750B15}
		{74787804-EF3B-405F-AB63-9F5F1EF8DD00} = {C50238CE-836D-47A2-85A7-EB5E7B750B15}
	EndGlobalSection
	GlobalSection(ExtensibilityGlobals) = postSolution
		SolutionGuid = {899C5D3E-E1ED-4F0E-9A93-A878F99FF725}
	EndGlobalSection
EndGlobal
