
Microsoft Visual Studio Solution File, Format Version 12.00
# Visual Studio Version 17
VisualStudioVersion = 17.4.33205.214
MinimumVisualStudioVersion = 10.0.40219.1
Project("{FAE04EC0-301F-11D3-BF4B-00C04F79EFBC}") = "DesignPatterns2", "DesignPatterns2\DesignPatterns2.csproj", "{78EEC360-1F67-49E4-BA4E-B02911964F22}"
EndProject
Global
	GlobalSection(SolutionConfigurationPlatforms) = preSolution
		Debug|Any CPU = Debug|Any CPU
		Release|Any CPU = Release|Any CPU
	EndGlobalSection
	GlobalSection(ProjectConfigurationPlatforms) = postSolution
		{78EEC360-1F67-49E4-BA4E-B02911964F22}.Debug|Any CPU.ActiveCfg = Debug|Any CPU
		{78EEC360-1F67-49E4-BA4E-B02911964F22}.Debug|Any CPU.Build.0 = Debug|Any CPU
		{78EEC360-1F67-49E4-BA4E-B02911964F22}.Release|Any CPU.ActiveCfg = Release|Any CPU
		{78EEC360-1F67-49E4-BA4E-B02911964F22}.Release|Any CPU.Build.0 = Release|Any CPU
	EndGlobalSection
	GlobalSection(SolutionProperties) = preSolution
		HideSolutionNode = FALSE
	EndGlobalSection
	GlobalSection(ExtensibilityGlobals) = postSolution
		SolutionGuid = {3570874A-AFCF-4E07-AED9-556C641967AA}
	EndGlobalSection
EndGlobal
